// !$*UTF8*$!
{
	archiveVersion = 1;
	classes = {
	};
	objectVersion = 46;
	objects = {

/* Begin PBXBuildFile section */
		7E8FC50C1DF1E78A00CFD03F /* AppDelegate.swift in Sources */ = {isa = PBXBuildFile; fileRef = 7E8FC50B1DF1E78A00CFD03F /* AppDelegate.swift */; };
		7E8FC50E1DF1E78A00CFD03F /* RootViewController.swift in Sources */ = {isa = PBXBuildFile; fileRef = 7E8FC50D1DF1E78A00CFD03F /* RootViewController.swift */; };
		7E8FC5101DF1E78A00CFD03F /* DataViewController.swift in Sources */ = {isa = PBXBuildFile; fileRef = 7E8FC50F1DF1E78A00CFD03F /* DataViewController.swift */; };
		7E8FC5121DF1E78A00CFD03F /* ModelController.swift in Sources */ = {isa = PBXBuildFile; fileRef = 7E8FC5111DF1E78A00CFD03F /* ModelController.swift */; };
		7E8FC5151DF1E78A00CFD03F /* Main.storyboard in Resources */ = {isa = PBXBuildFile; fileRef = 7E8FC5131DF1E78A00CFD03F /* Main.storyboard */; };
		7E8FC5171DF1E78A00CFD03F /* Assets.xcassets in Resources */ = {isa = PBXBuildFile; fileRef = 7E8FC5161DF1E78A00CFD03F /* Assets.xcassets */; };
		7E8FC51A1DF1E78A00CFD03F /* LaunchScreen.storyboard in Resources */ = {isa = PBXBuildFile; fileRef = 7E8FC5181DF1E78A00CFD03F /* LaunchScreen.storyboard */; };
		7E8FC5251DF1E78A00CFD03F /* WeatherAppPageTests.swift in Sources */ = {isa = PBXBuildFile; fileRef = 7E8FC5241DF1E78A00CFD03F /* WeatherAppPageTests.swift */; };
		7E8FC5301DF1E78A00CFD03F /* WeatherAppPageUITests.swift in Sources */ = {isa = PBXBuildFile; fileRef = 7E8FC52F1DF1E78A00CFD03F /* WeatherAppPageUITests.swift */; };
		7E8FC5411DF1E8F800CFD03F /* WeatherCurrent.swift in Sources */ = {isa = PBXBuildFile; fileRef = 7E8FC53D1DF1E8F800CFD03F /* WeatherCurrent.swift */; };
		7E8FC5421DF1E8F800CFD03F /* WeatherDaily.swift in Sources */ = {isa = PBXBuildFile; fileRef = 7E8FC53E1DF1E8F800CFD03F /* WeatherDaily.swift */; };
		7E8FC5431DF1E8F800CFD03F /* Forecast.swift in Sources */ = {isa = PBXBuildFile; fileRef = 7E8FC53F1DF1E8F800CFD03F /* Forecast.swift */; };
		7E8FC5441DF1E8F800CFD03F /* UserSettings.swift in Sources */ = {isa = PBXBuildFile; fileRef = 7E8FC5401DF1E8F800CFD03F /* UserSettings.swift */; };
		7E8FC5471DF1E91700CFD03F /* WeatherManager.swift in Sources */ = {isa = PBXBuildFile; fileRef = 7E8FC5461DF1E91700CFD03F /* WeatherManager.swift */; };
		7E8FC5491DF1E9BC00CFD03F /* Constant.swift in Sources */ = {isa = PBXBuildFile; fileRef = 7E8FC5481DF1E9BC00CFD03F /* Constant.swift */; };
		7E8FC54B1DF1F2B600CFD03F /* ForecastTableViewCell.swift in Sources */ = {isa = PBXBuildFile; fileRef = 7E8FC54A1DF1F2B600CFD03F /* ForecastTableViewCell.swift */; };
		7E8FC54D1DF2216100CFD03F /* FindCity.swift in Sources */ = {isa = PBXBuildFile; fileRef = 7E8FC54C1DF2216000CFD03F /* FindCity.swift */; };
		7E8FC54F1DF2228F00CFD03F /* FindItem.swift in Sources */ = {isa = PBXBuildFile; fileRef = 7E8FC54E1DF2228F00CFD03F /* FindItem.swift */; };
		7E8FC5511DF225C500CFD03F /* FindViewController.swift in Sources */ = {isa = PBXBuildFile; fileRef = 7E8FC5501DF225C500CFD03F /* FindViewController.swift */; };
		7E8FC5531DF2288400CFD03F /* FindTableViewCell.swift in Sources */ = {isa = PBXBuildFile; fileRef = 7E8FC5521DF2288400CFD03F /* FindTableViewCell.swift */; };
		7E8FC5551DF23ED000CFD03F /* ListOfCities.swift in Sources */ = {isa = PBXBuildFile; fileRef = 7E8FC5541DF23ED000CFD03F /* ListOfCities.swift */; };
		7E8FC55F1DF36CE400CFD03F /* Helpers.swift in Sources */ = {isa = PBXBuildFile; fileRef = 7E8FC55E1DF36CE400CFD03F /* Helpers.swift */; };
		7E8FC56A1DF3721700CFD03F /* Localizable.strings in Resources */ = {isa = PBXBuildFile; fileRef = 7E8FC56C1DF3721700CFD03F /* Localizable.strings */; };
		7E8FC5771DF3E99500CFD03F /* NextHour.swift in Sources */ = {isa = PBXBuildFile; fileRef = 7E8FC5751DF3E99500CFD03F /* NextHour.swift */; };
		7E8FC5781DF3E99500CFD03F /* WeatherForecastNextHour.swift in Sources */ = {isa = PBXBuildFile; fileRef = 7E8FC5761DF3E99500CFD03F /* WeatherForecastNextHour.swift */; };
		7E8FC57A1DF3EE3900CFD03F /* WeatherManagerTest.swift in Sources */ = {isa = PBXBuildFile; fileRef = 7E8FC5791DF3EE3900CFD03F /* WeatherManagerTest.swift */; };
		7E8FC57E1DF3F95100CFD03F /* MockSession.swift in Sources */ = {isa = PBXBuildFile; fileRef = 7E8FC57D1DF3F95100CFD03F /* MockSession.swift */; };
		7E8FC5801DF4030D00CFD03F /* weatherTest.json in Resources */ = {isa = PBXBuildFile; fileRef = 7E8FC57F1DF4030D00CFD03F /* weatherTest.json */; };
		98509ED3437B49FBC45E9071 /* Pods_WeatherAppPageUITests.framework in Frameworks */ = {isa = PBXBuildFile; fileRef = FF05EA06F301225D5A3C3236 /* Pods_WeatherAppPageUITests.framework */; };
		B399AB43F8E2A9B69167A134 /* Pods_WeatherAppPageTests.framework in Frameworks */ = {isa = PBXBuildFile; fileRef = D2589A1124E733FD9B4CC361 /* Pods_WeatherAppPageTests.framework */; };
		C16DF3B11E7B965BD8EA5D25 /* Pods_WeatherAppPage.framework in Frameworks */ = {isa = PBXBuildFile; fileRef = A510FEBD025745AE6E1A47A9 /* Pods_WeatherAppPage.framework */; };
/* End PBXBuildFile section */

/* Begin PBXContainerItemProxy section */
		7E8FC5211DF1E78A00CFD03F /* PBXContainerItemProxy */ = {
			isa = PBXContainerItemProxy;
			containerPortal = 7E8FC5001DF1E78A00CFD03F /* Project object */;
			proxyType = 1;
			remoteGlobalIDString = 7E8FC5071DF1E78A00CFD03F;
			remoteInfo = WeatherAppPage;
		};
		7E8FC52C1DF1E78A00CFD03F /* PBXContainerItemProxy */ = {
			isa = PBXContainerItemProxy;
			containerPortal = 7E8FC5001DF1E78A00CFD03F /* Project object */;
			proxyType = 1;
			remoteGlobalIDString = 7E8FC5071DF1E78A00CFD03F;
			remoteInfo = WeatherAppPage;
		};
/* End PBXContainerItemProxy section */

/* Begin PBXFileReference section */
		411679CB4920E8C62B6AE990 /* Pods-WeatherAppPageUITests.debug.xcconfig */ = {isa = PBXFileReference; includeInIndex = 1; lastKnownFileType = text.xcconfig; name = "Pods-WeatherAppPageUITests.debug.xcconfig"; path = "Pods/Target Support Files/Pods-WeatherAppPageUITests/Pods-WeatherAppPageUITests.debug.xcconfig"; sourceTree = "<group>"; };
		41F1624BD415BB11C0F79C1F /* Pods-WeatherAppPage.release.xcconfig */ = {isa = PBXFileReference; includeInIndex = 1; lastKnownFileType = text.xcconfig; name = "Pods-WeatherAppPage.release.xcconfig"; path = "Pods/Target Support Files/Pods-WeatherAppPage/Pods-WeatherAppPage.release.xcconfig"; sourceTree = "<group>"; };
		7E8FC5081DF1E78A00CFD03F /* WeatherAppPage.app */ = {isa = PBXFileReference; explicitFileType = wrapper.application; includeInIndex = 0; path = WeatherAppPage.app; sourceTree = BUILT_PRODUCTS_DIR; };
		7E8FC50B1DF1E78A00CFD03F /* AppDelegate.swift */ = {isa = PBXFileReference; lastKnownFileType = sourcecode.swift; path = AppDelegate.swift; sourceTree = "<group>"; };
		7E8FC50D1DF1E78A00CFD03F /* RootViewController.swift */ = {isa = PBXFileReference; lastKnownFileType = sourcecode.swift; path = RootViewController.swift; sourceTree = "<group>"; };
		7E8FC50F1DF1E78A00CFD03F /* DataViewController.swift */ = {isa = PBXFileReference; lastKnownFileType = sourcecode.swift; path = DataViewController.swift; sourceTree = "<group>"; };
		7E8FC5111DF1E78A00CFD03F /* ModelController.swift */ = {isa = PBXFileReference; lastKnownFileType = sourcecode.swift; path = ModelController.swift; sourceTree = "<group>"; };
		7E8FC5141DF1E78A00CFD03F /* Base */ = {isa = PBXFileReference; lastKnownFileType = file.storyboard; name = Base; path = Base.lproj/Main.storyboard; sourceTree = "<group>"; };
		7E8FC5161DF1E78A00CFD03F /* Assets.xcassets */ = {isa = PBXFileReference; lastKnownFileType = folder.assetcatalog; path = Assets.xcassets; sourceTree = "<group>"; };
		7E8FC5191DF1E78A00CFD03F /* Base */ = {isa = PBXFileReference; lastKnownFileType = file.storyboard; name = Base; path = Base.lproj/LaunchScreen.storyboard; sourceTree = "<group>"; };
		7E8FC51B1DF1E78A00CFD03F /* Info.plist */ = {isa = PBXFileReference; lastKnownFileType = text.plist.xml; path = Info.plist; sourceTree = "<group>"; };
		7E8FC5201DF1E78A00CFD03F /* WeatherAppPageTests.xctest */ = {isa = PBXFileReference; explicitFileType = wrapper.cfbundle; includeInIndex = 0; path = WeatherAppPageTests.xctest; sourceTree = BUILT_PRODUCTS_DIR; };
		7E8FC5241DF1E78A00CFD03F /* WeatherAppPageTests.swift */ = {isa = PBXFileReference; lastKnownFileType = sourcecode.swift; path = WeatherAppPageTests.swift; sourceTree = "<group>"; };
		7E8FC5261DF1E78A00CFD03F /* Info.plist */ = {isa = PBXFileReference; lastKnownFileType = text.plist.xml; path = Info.plist; sourceTree = "<group>"; };
		7E8FC52B1DF1E78A00CFD03F /* WeatherAppPageUITests.xctest */ = {isa = PBXFileReference; explicitFileType = wrapper.cfbundle; includeInIndex = 0; path = WeatherAppPageUITests.xctest; sourceTree = BUILT_PRODUCTS_DIR; };
		7E8FC52F1DF1E78A00CFD03F /* WeatherAppPageUITests.swift */ = {isa = PBXFileReference; lastKnownFileType = sourcecode.swift; path = WeatherAppPageUITests.swift; sourceTree = "<group>"; };
		7E8FC5311DF1E78A00CFD03F /* Info.plist */ = {isa = PBXFileReference; lastKnownFileType = text.plist.xml; path = Info.plist; sourceTree = "<group>"; };
		7E8FC53D1DF1E8F800CFD03F /* WeatherCurrent.swift */ = {isa = PBXFileReference; fileEncoding = 4; lastKnownFileType = sourcecode.swift; path = WeatherCurrent.swift; sourceTree = "<group>"; };
		7E8FC53E1DF1E8F800CFD03F /* WeatherDaily.swift */ = {isa = PBXFileReference; fileEncoding = 4; lastKnownFileType = sourcecode.swift; path = WeatherDaily.swift; sourceTree = "<group>"; };
		7E8FC53F1DF1E8F800CFD03F /* Forecast.swift */ = {isa = PBXFileReference; fileEncoding = 4; lastKnownFileType = sourcecode.swift; path = Forecast.swift; sourceTree = "<group>"; };
		7E8FC5401DF1E8F800CFD03F /* UserSettings.swift */ = {isa = PBXFileReference; fileEncoding = 4; lastKnownFileType = sourcecode.swift; path = UserSettings.swift; sourceTree = "<group>"; };
		7E8FC5461DF1E91700CFD03F /* WeatherManager.swift */ = {isa = PBXFileReference; fileEncoding = 4; lastKnownFileType = sourcecode.swift; path = WeatherManager.swift; sourceTree = "<group>"; };
		7E8FC5481DF1E9BC00CFD03F /* Constant.swift */ = {isa = PBXFileReference; fileEncoding = 4; lastKnownFileType = sourcecode.swift; path = Constant.swift; sourceTree = "<group>"; };
		7E8FC54A1DF1F2B600CFD03F /* ForecastTableViewCell.swift */ = {isa = PBXFileReference; fileEncoding = 4; lastKnownFileType = sourcecode.swift; path = ForecastTableViewCell.swift; sourceTree = "<group>"; };
		7E8FC54C1DF2216000CFD03F /* FindCity.swift */ = {isa = PBXFileReference; fileEncoding = 4; lastKnownFileType = sourcecode.swift; path = FindCity.swift; sourceTree = "<group>"; };
		7E8FC54E1DF2228F00CFD03F /* FindItem.swift */ = {isa = PBXFileReference; fileEncoding = 4; lastKnownFileType = sourcecode.swift; path = FindItem.swift; sourceTree = "<group>"; };
		7E8FC5501DF225C500CFD03F /* FindViewController.swift */ = {isa = PBXFileReference; fileEncoding = 4; lastKnownFileType = sourcecode.swift; path = FindViewController.swift; sourceTree = "<group>"; };
		7E8FC5521DF2288400CFD03F /* FindTableViewCell.swift */ = {isa = PBXFileReference; fileEncoding = 4; lastKnownFileType = sourcecode.swift; path = FindTableViewCell.swift; sourceTree = "<group>"; };
		7E8FC5541DF23ED000CFD03F /* ListOfCities.swift */ = {isa = PBXFileReference; fileEncoding = 4; lastKnownFileType = sourcecode.swift; path = ListOfCities.swift; sourceTree = "<group>"; };
		7E8FC55E1DF36CE400CFD03F /* Helpers.swift */ = {isa = PBXFileReference; fileEncoding = 4; lastKnownFileType = sourcecode.swift; path = Helpers.swift; sourceTree = "<group>"; };
		7E8FC5631DF370DC00CFD03F /* en */ = {isa = PBXFileReference; lastKnownFileType = text.plist.strings; name = en; path = en.lproj/Main.strings; sourceTree = "<group>"; };
		7E8FC56B1DF3721700CFD03F /* en */ = {isa = PBXFileReference; lastKnownFileType = text.plist.strings; name = en; path = en.lproj/Localizable.strings; sourceTree = "<group>"; };
		7E8FC56D1DF3722500CFD03F /* Base */ = {isa = PBXFileReference; lastKnownFileType = text.plist.strings; name = Base; path = Base.lproj/Localizable.strings; sourceTree = "<group>"; };
		7E8FC56E1DF372A800CFD03F /* fr */ = {isa = PBXFileReference; lastKnownFileType = text.plist.strings; name = fr; path = fr.lproj/Main.strings; sourceTree = "<group>"; };
		7E8FC56F1DF372A800CFD03F /* fr */ = {isa = PBXFileReference; lastKnownFileType = text.plist.strings; name = fr; path = fr.lproj/LaunchScreen.strings; sourceTree = "<group>"; };
		7E8FC5701DF372A800CFD03F /* fr */ = {isa = PBXFileReference; lastKnownFileType = text.plist.strings; name = fr; path = fr.lproj/Localizable.strings; sourceTree = "<group>"; };
		7E8FC5751DF3E99500CFD03F /* NextHour.swift */ = {isa = PBXFileReference; fileEncoding = 4; lastKnownFileType = sourcecode.swift; path = NextHour.swift; sourceTree = "<group>"; };
		7E8FC5761DF3E99500CFD03F /* WeatherForecastNextHour.swift */ = {isa = PBXFileReference; fileEncoding = 4; lastKnownFileType = sourcecode.swift; path = WeatherForecastNextHour.swift; sourceTree = "<group>"; };
		7E8FC5791DF3EE3900CFD03F /* WeatherManagerTest.swift */ = {isa = PBXFileReference; fileEncoding = 4; lastKnownFileType = sourcecode.swift; path = WeatherManagerTest.swift; sourceTree = "<group>"; };
		7E8FC57D1DF3F95100CFD03F /* MockSession.swift */ = {isa = PBXFileReference; fileEncoding = 4; lastKnownFileType = sourcecode.swift; path = MockSession.swift; sourceTree = "<group>"; };
		7E8FC57F1DF4030D00CFD03F /* weatherTest.json */ = {isa = PBXFileReference; fileEncoding = 4; lastKnownFileType = text.json; path = weatherTest.json; sourceTree = "<group>"; };
		A510FEBD025745AE6E1A47A9 /* Pods_WeatherAppPage.framework */ = {isa = PBXFileReference; explicitFileType = wrapper.framework; includeInIndex = 0; path = Pods_WeatherAppPage.framework; sourceTree = BUILT_PRODUCTS_DIR; };
		B943D183D545C37A403673BA /* Pods-WeatherAppPageTests.debug.xcconfig */ = {isa = PBXFileReference; includeInIndex = 1; lastKnownFileType = text.xcconfig; name = "Pods-WeatherAppPageTests.debug.xcconfig"; path = "Pods/Target Support Files/Pods-WeatherAppPageTests/Pods-WeatherAppPageTests.debug.xcconfig"; sourceTree = "<group>"; };
		D2589A1124E733FD9B4CC361 /* Pods_WeatherAppPageTests.framework */ = {isa = PBXFileReference; explicitFileType = wrapper.framework; includeInIndex = 0; path = Pods_WeatherAppPageTests.framework; sourceTree = BUILT_PRODUCTS_DIR; };
		F531058B647E267A7FFC392E /* Pods-WeatherAppPageTests.release.xcconfig */ = {isa = PBXFileReference; includeInIndex = 1; lastKnownFileType = text.xcconfig; name = "Pods-WeatherAppPageTests.release.xcconfig"; path = "Pods/Target Support Files/Pods-WeatherAppPageTests/Pods-WeatherAppPageTests.release.xcconfig"; sourceTree = "<group>"; };
		FAECCA592E8522CA6C079DA8 /* Pods-WeatherAppPageUITests.release.xcconfig */ = {isa = PBXFileReference; includeInIndex = 1; lastKnownFileType = text.xcconfig; name = "Pods-WeatherAppPageUITests.release.xcconfig"; path = "Pods/Target Support Files/Pods-WeatherAppPageUITests/Pods-WeatherAppPageUITests.release.xcconfig"; sourceTree = "<group>"; };
		FF05EA06F301225D5A3C3236 /* Pods_WeatherAppPageUITests.framework */ = {isa = PBXFileReference; explicitFileType = wrapper.framework; includeInIndex = 0; path = Pods_WeatherAppPageUITests.framework; sourceTree = BUILT_PRODUCTS_DIR; };
		FF316D8AABBAA83A58FE7572 /* Pods-WeatherAppPage.debug.xcconfig */ = {isa = PBXFileReference; includeInIndex = 1; lastKnownFileType = text.xcconfig; name = "Pods-WeatherAppPage.debug.xcconfig"; path = "Pods/Target Support Files/Pods-WeatherAppPage/Pods-WeatherAppPage.debug.xcconfig"; sourceTree = "<group>"; };
/* End PBXFileReference section */

/* Begin PBXFrameworksBuildPhase section */
		7E8FC5051DF1E78A00CFD03F /* Frameworks */ = {
			isa = PBXFrameworksBuildPhase;
			buildActionMask = 2147483647;
			files = (
				C16DF3B11E7B965BD8EA5D25 /* Pods_WeatherAppPage.framework in Frameworks */,
			);
			runOnlyForDeploymentPostprocessing = 0;
		};
		7E8FC51D1DF1E78A00CFD03F /* Frameworks */ = {
			isa = PBXFrameworksBuildPhase;
			buildActionMask = 2147483647;
			files = (
				B399AB43F8E2A9B69167A134 /* Pods_WeatherAppPageTests.framework in Frameworks */,
			);
			runOnlyForDeploymentPostprocessing = 0;
		};
		7E8FC5281DF1E78A00CFD03F /* Frameworks */ = {
			isa = PBXFrameworksBuildPhase;
			buildActionMask = 2147483647;
			files = (
				98509ED3437B49FBC45E9071 /* Pods_WeatherAppPageUITests.framework in Frameworks */,
			);
			runOnlyForDeploymentPostprocessing = 0;
		};
/* End PBXFrameworksBuildPhase section */

/* Begin PBXGroup section */
		7E8FC4FF1DF1E78A00CFD03F = {
			isa = PBXGroup;
			children = (
				7E8FC50A1DF1E78A00CFD03F /* WeatherAppPage */,
				7E8FC5231DF1E78A00CFD03F /* WeatherAppPageTests */,
				7E8FC52E1DF1E78A00CFD03F /* WeatherAppPageUITests */,
				7E8FC5091DF1E78A00CFD03F /* Products */,
				C226DAA206E2A6D435983437 /* Pods */,
				A61D50CEB42FEF9B3CDE2EB2 /* Frameworks */,
			);
			sourceTree = "<group>";
		};
		7E8FC5091DF1E78A00CFD03F /* Products */ = {
			isa = PBXGroup;
			children = (
				7E8FC5081DF1E78A00CFD03F /* WeatherAppPage.app */,
				7E8FC5201DF1E78A00CFD03F /* WeatherAppPageTests.xctest */,
				7E8FC52B1DF1E78A00CFD03F /* WeatherAppPageUITests.xctest */,
			);
			name = Products;
			sourceTree = "<group>";
		};
		7E8FC50A1DF1E78A00CFD03F /* WeatherAppPage */ = {
			isa = PBXGroup;
			children = (
				7E8FC55D1DF36CCA00CFD03F /* Constant and Helpers */,
				7E8FC5451DF1E90100CFD03F /* Model */,
				7E8FC55C1DF36C1000CFD03F /* Manager */,
				7E8FC5591DF36B6F00CFD03F /* ViewController */,
				7E8FC50B1DF1E78A00CFD03F /* AppDelegate.swift */,
				7E8FC5131DF1E78A00CFD03F /* Main.storyboard */,
				7E8FC5181DF1E78A00CFD03F /* LaunchScreen.storyboard */,
				7E8FC5161DF1E78A00CFD03F /* Assets.xcassets */,
				7E8FC51B1DF1E78A00CFD03F /* Info.plist */,
				7E8FC56C1DF3721700CFD03F /* Localizable.strings */,
			);
			path = WeatherAppPage;
			sourceTree = "<group>";
		};
		7E8FC5231DF1E78A00CFD03F /* WeatherAppPageTests */ = {
			isa = PBXGroup;
			children = (
				7E8FC57F1DF4030D00CFD03F /* weatherTest.json */,
				7E8FC5241DF1E78A00CFD03F /* WeatherAppPageTests.swift */,
				7E8FC5261DF1E78A00CFD03F /* Info.plist */,
				7E8FC5791DF3EE3900CFD03F /* WeatherManagerTest.swift */,
				7E8FC57D1DF3F95100CFD03F /* MockSession.swift */,
			);
			path = WeatherAppPageTests;
			sourceTree = "<group>";
		};
		7E8FC52E1DF1E78A00CFD03F /* WeatherAppPageUITests */ = {
			isa = PBXGroup;
			children = (
				7E8FC52F1DF1E78A00CFD03F /* WeatherAppPageUITests.swift */,
				7E8FC5311DF1E78A00CFD03F /* Info.plist */,
			);
			path = WeatherAppPageUITests;
			sourceTree = "<group>";
		};
		7E8FC5451DF1E90100CFD03F /* Model */ = {
			isa = PBXGroup;
			children = (
				7E8FC5751DF3E99500CFD03F /* NextHour.swift */,
				7E8FC5761DF3E99500CFD03F /* WeatherForecastNextHour.swift */,
				7E8FC53D1DF1E8F800CFD03F /* WeatherCurrent.swift */,
				7E8FC54C1DF2216000CFD03F /* FindCity.swift */,
				7E8FC54E1DF2228F00CFD03F /* FindItem.swift */,
				7E8FC53E1DF1E8F800CFD03F /* WeatherDaily.swift */,
				7E8FC53F1DF1E8F800CFD03F /* Forecast.swift */,
				7E8FC5401DF1E8F800CFD03F /* UserSettings.swift */,
				7E8FC5541DF23ED000CFD03F /* ListOfCities.swift */,
			);
			name = Model;
			sourceTree = "<group>";
		};
		7E8FC5591DF36B6F00CFD03F /* ViewController */ = {
			isa = PBXGroup;
			children = (
				7E8FC55B1DF36BB400CFD03F /* Weather */,
				7E8FC55A1DF36B9C00CFD03F /* Find */,
				7E8FC50D1DF1E78A00CFD03F /* RootViewController.swift */,
				7E8FC5111DF1E78A00CFD03F /* ModelController.swift */,
			);
			name = ViewController;
			sourceTree = "<group>";
		};
		7E8FC55A1DF36B9C00CFD03F /* Find */ = {
			isa = PBXGroup;
			children = (
				7E8FC5501DF225C500CFD03F /* FindViewController.swift */,
				7E8FC5521DF2288400CFD03F /* FindTableViewCell.swift */,
			);
			name = Find;
			sourceTree = "<group>";
		};
		7E8FC55B1DF36BB400CFD03F /* Weather */ = {
			isa = PBXGroup;
			children = (
				7E8FC50F1DF1E78A00CFD03F /* DataViewController.swift */,
				7E8FC54A1DF1F2B600CFD03F /* ForecastTableViewCell.swift */,
			);
			name = Weather;
			sourceTree = "<group>";
		};
		7E8FC55C1DF36C1000CFD03F /* Manager */ = {
			isa = PBXGroup;
			children = (
				7E8FC5461DF1E91700CFD03F /* WeatherManager.swift */,
			);
			name = Manager;
			sourceTree = "<group>";
		};
		7E8FC55D1DF36CCA00CFD03F /* Constant and Helpers */ = {
			isa = PBXGroup;
			children = (
				7E8FC5481DF1E9BC00CFD03F /* Constant.swift */,
				7E8FC55E1DF36CE400CFD03F /* Helpers.swift */,
			);
			name = "Constant and Helpers";
			sourceTree = "<group>";
		};
		A61D50CEB42FEF9B3CDE2EB2 /* Frameworks */ = {
			isa = PBXGroup;
			children = (
				A510FEBD025745AE6E1A47A9 /* Pods_WeatherAppPage.framework */,
				D2589A1124E733FD9B4CC361 /* Pods_WeatherAppPageTests.framework */,
				FF05EA06F301225D5A3C3236 /* Pods_WeatherAppPageUITests.framework */,
			);
			name = Frameworks;
			sourceTree = "<group>";
		};
		C226DAA206E2A6D435983437 /* Pods */ = {
			isa = PBXGroup;
			children = (
				FF316D8AABBAA83A58FE7572 /* Pods-WeatherAppPage.debug.xcconfig */,
				41F1624BD415BB11C0F79C1F /* Pods-WeatherAppPage.release.xcconfig */,
				B943D183D545C37A403673BA /* Pods-WeatherAppPageTests.debug.xcconfig */,
				F531058B647E267A7FFC392E /* Pods-WeatherAppPageTests.release.xcconfig */,
				411679CB4920E8C62B6AE990 /* Pods-WeatherAppPageUITests.debug.xcconfig */,
				FAECCA592E8522CA6C079DA8 /* Pods-WeatherAppPageUITests.release.xcconfig */,
			);
			name = Pods;
			sourceTree = "<group>";
		};
/* End PBXGroup section */

/* Begin PBXNativeTarget section */
		7E8FC5071DF1E78A00CFD03F /* WeatherAppPage */ = {
			isa = PBXNativeTarget;
			buildConfigurationList = 7E8FC5341DF1E78A00CFD03F /* Build configuration list for PBXNativeTarget "WeatherAppPage" */;
			buildPhases = (
				3183A223DC168B069160F6F4 /* [CP] Check Pods Manifest.lock */,
				7E8FC5041DF1E78A00CFD03F /* Sources */,
				7E8FC5051DF1E78A00CFD03F /* Frameworks */,
				7E8FC5061DF1E78A00CFD03F /* Resources */,
				C3E772CE61A2F5DCF9E31869 /* [CP] Embed Pods Frameworks */,
				DBC6820D935F8D1ABE3C5BB2 /* [CP] Copy Pods Resources */,
				7E8FC5561DF33DF500CFD03F /* ShellScript */,
			);
			buildRules = (
			);
			dependencies = (
			);
			name = WeatherAppPage;
			productName = WeatherAppPage;
			productReference = 7E8FC5081DF1E78A00CFD03F /* WeatherAppPage.app */;
			productType = "com.apple.product-type.application";
		};
		7E8FC51F1DF1E78A00CFD03F /* WeatherAppPageTests */ = {
			isa = PBXNativeTarget;
			buildConfigurationList = 7E8FC5371DF1E78A00CFD03F /* Build configuration list for PBXNativeTarget "WeatherAppPageTests" */;
			buildPhases = (
				DC4C5EC17167727A8C4E301F /* [CP] Check Pods Manifest.lock */,
				7E8FC51C1DF1E78A00CFD03F /* Sources */,
				7E8FC51D1DF1E78A00CFD03F /* Frameworks */,
				7E8FC51E1DF1E78A00CFD03F /* Resources */,
				DCD5B2D88290C6EBFBCE67F8 /* [CP] Embed Pods Frameworks */,
				F2581DB3BEACA9F8384B86EC /* [CP] Copy Pods Resources */,
			);
			buildRules = (
			);
			dependencies = (
				7E8FC5221DF1E78A00CFD03F /* PBXTargetDependency */,
			);
			name = WeatherAppPageTests;
			productName = WeatherAppPageTests;
			productReference = 7E8FC5201DF1E78A00CFD03F /* WeatherAppPageTests.xctest */;
			productType = "com.apple.product-type.bundle.unit-test";
		};
		7E8FC52A1DF1E78A00CFD03F /* WeatherAppPageUITests */ = {
			isa = PBXNativeTarget;
			buildConfigurationList = 7E8FC53A1DF1E78A00CFD03F /* Build configuration list for PBXNativeTarget "WeatherAppPageUITests" */;
			buildPhases = (
				85473820E9CC32D584977491 /* [CP] Check Pods Manifest.lock */,
				7E8FC5271DF1E78A00CFD03F /* Sources */,
				7E8FC5281DF1E78A00CFD03F /* Frameworks */,
				7E8FC5291DF1E78A00CFD03F /* Resources */,
				30AFFEA4744B350C2D88647B /* [CP] Copy Pods Resources */,
			);
			buildRules = (
			);
			dependencies = (
				7E8FC52D1DF1E78A00CFD03F /* PBXTargetDependency */,
			);
			name = WeatherAppPageUITests;
			productName = WeatherAppPageUITests;
			productReference = 7E8FC52B1DF1E78A00CFD03F /* WeatherAppPageUITests.xctest */;
			productType = "com.apple.product-type.bundle.ui-testing";
		};
/* End PBXNativeTarget section */

/* Begin PBXProject section */
		7E8FC5001DF1E78A00CFD03F /* Project object */ = {
			isa = PBXProject;
			attributes = {
				LastSwiftUpdateCheck = 0810;
				LastUpgradeCheck = 0810;
				ORGANIZATIONNAME = "Peter Gartner";
				TargetAttributes = {
					7E8FC5071DF1E78A00CFD03F = {
						CreatedOnToolsVersion = 8.1;
						DevelopmentTeam = F8BAZB72QS;
						ProvisioningStyle = Automatic;
					};
					7E8FC51F1DF1E78A00CFD03F = {
						CreatedOnToolsVersion = 8.1;
						DevelopmentTeam = F8BAZB72QS;
						ProvisioningStyle = Automatic;
						TestTargetID = 7E8FC5071DF1E78A00CFD03F;
					};
					7E8FC52A1DF1E78A00CFD03F = {
						CreatedOnToolsVersion = 8.1;
						DevelopmentTeam = F8BAZB72QS;
						ProvisioningStyle = Automatic;
						TestTargetID = 7E8FC5071DF1E78A00CFD03F;
					};
				};
			};
			buildConfigurationList = 7E8FC5031DF1E78A00CFD03F /* Build configuration list for PBXProject "WeatherAppPage" */;
			compatibilityVersion = "Xcode 3.2";
			developmentRegion = English;
			hasScannedForEncodings = 0;
			knownRegions = (
				en,
				Base,
				fr,
			);
			mainGroup = 7E8FC4FF1DF1E78A00CFD03F;
			productRefGroup = 7E8FC5091DF1E78A00CFD03F /* Products */;
			projectDirPath = "";
			projectRoot = "";
			targets = (
				7E8FC5071DF1E78A00CFD03F /* WeatherAppPage */,
				7E8FC51F1DF1E78A00CFD03F /* WeatherAppPageTests */,
				7E8FC52A1DF1E78A00CFD03F /* WeatherAppPageUITests */,
			);
		};
/* End PBXProject section */

/* Begin PBXResourcesBuildPhase section */
		7E8FC5061DF1E78A00CFD03F /* Resources */ = {
			isa = PBXResourcesBuildPhase;
			buildActionMask = 2147483647;
			files = (
				7E8FC51A1DF1E78A00CFD03F /* LaunchScreen.storyboard in Resources */,
				7E8FC56A1DF3721700CFD03F /* Localizable.strings in Resources */,
				7E8FC5171DF1E78A00CFD03F /* Assets.xcassets in Resources */,
				7E8FC5151DF1E78A00CFD03F /* Main.storyboard in Resources */,
			);
			runOnlyForDeploymentPostprocessing = 0;
		};
		7E8FC51E1DF1E78A00CFD03F /* Resources */ = {
			isa = PBXResourcesBuildPhase;
			buildActionMask = 2147483647;
			files = (
				7E8FC5801DF4030D00CFD03F /* weatherTest.json in Resources */,
			);
			runOnlyForDeploymentPostprocessing = 0;
		};
		7E8FC5291DF1E78A00CFD03F /* Resources */ = {
			isa = PBXResourcesBuildPhase;
			buildActionMask = 2147483647;
			files = (
			);
			runOnlyForDeploymentPostprocessing = 0;
		};
/* End PBXResourcesBuildPhase section */

/* Begin PBXShellScriptBuildPhase section */
		30AFFEA4744B350C2D88647B /* [CP] Copy Pods Resources */ = {
			isa = PBXShellScriptBuildPhase;
			buildActionMask = 2147483647;
			files = (
			);
			inputPaths = (
			);
			name = "[CP] Copy Pods Resources";
			outputPaths = (
			);
			runOnlyForDeploymentPostprocessing = 0;
			shellPath = /bin/sh;
			shellScript = "\"${SRCROOT}/Pods/Target Support Files/Pods-WeatherAppPageUITests/Pods-WeatherAppPageUITests-resources.sh\"\n";
			showEnvVarsInLog = 0;
		};
		3183A223DC168B069160F6F4 /* [CP] Check Pods Manifest.lock */ = {
			isa = PBXShellScriptBuildPhase;
			buildActionMask = 2147483647;
			files = (
			);
			inputPaths = (
			);
			name = "[CP] Check Pods Manifest.lock";
			outputPaths = (
			);
			runOnlyForDeploymentPostprocessing = 0;
			shellPath = /bin/sh;
			shellScript = "diff \"${PODS_ROOT}/../Podfile.lock\" \"${PODS_ROOT}/Manifest.lock\" > /dev/null\nif [[ $? != 0 ]] ; then\n    cat << EOM\nerror: The sandbox is not in sync with the Podfile.lock. Run 'pod install' or update your CocoaPods installation.\nEOM\n    exit 1\nfi\n";
			showEnvVarsInLog = 0;
		};
		7E8FC5561DF33DF500CFD03F /* ShellScript */ = {
			isa = PBXShellScriptBuildPhase;
			buildActionMask = 2147483647;
			files = (
			);
			inputPaths = (
			);
			outputPaths = (
			);
			runOnlyForDeploymentPostprocessing = 0;
			shellPath = /bin/sh;
			shellScript = "\"${PODS_ROOT}/Fabric/run\" e14c7fdcf63b6224c5a49f44a8dad2ef3a364963 7f6ce2f937c58a7f88900172f1960ebd776376f8598336afaca6a6a0bec68613";
		};
		85473820E9CC32D584977491 /* [CP] Check Pods Manifest.lock */ = {
			isa = PBXShellScriptBuildPhase;
			buildActionMask = 2147483647;
			files = (
			);
			inputPaths = (
			);
			name = "[CP] Check Pods Manifest.lock";
			outputPaths = (
			);
			runOnlyForDeploymentPostprocessing = 0;
			shellPath = /bin/sh;
			shellScript = "diff \"${PODS_ROOT}/../Podfile.lock\" \"${PODS_ROOT}/Manifest.lock\" > /dev/null\nif [[ $? != 0 ]] ; then\n    cat << EOM\nerror: The sandbox is not in sync with the Podfile.lock. Run 'pod install' or update your CocoaPods installation.\nEOM\n    exit 1\nfi\n";
			showEnvVarsInLog = 0;
		};
		C3E772CE61A2F5DCF9E31869 /* [CP] Embed Pods Frameworks */ = {
			isa = PBXShellScriptBuildPhase;
			buildActionMask = 2147483647;
			files = (
			);
			inputPaths = (
			);
			name = "[CP] Embed Pods Frameworks";
			outputPaths = (
			);
			runOnlyForDeploymentPostprocessing = 0;
			shellPath = /bin/sh;
			shellScript = "\"${SRCROOT}/Pods/Target Support Files/Pods-WeatherAppPage/Pods-WeatherAppPage-frameworks.sh\"\n";
			showEnvVarsInLog = 0;
		};
		DBC6820D935F8D1ABE3C5BB2 /* [CP] Copy Pods Resources */ = {
			isa = PBXShellScriptBuildPhase;
			buildActionMask = 2147483647;
			files = (
			);
			inputPaths = (
			);
			name = "[CP] Copy Pods Resources";
			outputPaths = (
			);
			runOnlyForDeploymentPostprocessing = 0;
			shellPath = /bin/sh;
			shellScript = "\"${SRCROOT}/Pods/Target Support Files/Pods-WeatherAppPage/Pods-WeatherAppPage-resources.sh\"\n";
			showEnvVarsInLog = 0;
		};
		DC4C5EC17167727A8C4E301F /* [CP] Check Pods Manifest.lock */ = {
			isa = PBXShellScriptBuildPhase;
			buildActionMask = 2147483647;
			files = (
			);
			inputPaths = (
			);
			name = "[CP] Check Pods Manifest.lock";
			outputPaths = (
			);
			runOnlyForDeploymentPostprocessing = 0;
			shellPath = /bin/sh;
			shellScript = "diff \"${PODS_ROOT}/../Podfile.lock\" \"${PODS_ROOT}/Manifest.lock\" > /dev/null\nif [[ $? != 0 ]] ; then\n    cat << EOM\nerror: The sandbox is not in sync with the Podfile.lock. Run 'pod install' or update your CocoaPods installation.\nEOM\n    exit 1\nfi\n";
			showEnvVarsInLog = 0;
		};
		DCD5B2D88290C6EBFBCE67F8 /* [CP] Embed Pods Frameworks */ = {
			isa = PBXShellScriptBuildPhase;
			buildActionMask = 2147483647;
			files = (
			);
			inputPaths = (
			);
			name = "[CP] Embed Pods Frameworks";
			outputPaths = (
			);
			runOnlyForDeploymentPostprocessing = 0;
			shellPath = /bin/sh;
			shellScript = "\"${SRCROOT}/Pods/Target Support Files/Pods-WeatherAppPageTests/Pods-WeatherAppPageTests-frameworks.sh\"\n";
			showEnvVarsInLog = 0;
		};
		F2581DB3BEACA9F8384B86EC /* [CP] Copy Pods Resources */ = {
			isa = PBXShellScriptBuildPhase;
			buildActionMask = 2147483647;
			files = (
			);
			inputPaths = (
			);
			name = "[CP] Copy Pods Resources";
			outputPaths = (
			);
			runOnlyForDeploymentPostprocessing = 0;
			shellPath = /bin/sh;
			shellScript = "\"${SRCROOT}/Pods/Target Support Files/Pods-WeatherAppPageTests/Pods-WeatherAppPageTests-resources.sh\"\n";
			showEnvVarsInLog = 0;
		};
/* End PBXShellScriptBuildPhase section */

/* Begin PBXSourcesBuildPhase section */
		7E8FC5041DF1E78A00CFD03F /* Sources */ = {
			isa = PBXSourcesBuildPhase;
			buildActionMask = 2147483647;
			files = (
				7E8FC5421DF1E8F800CFD03F /* WeatherDaily.swift in Sources */,
				7E8FC50E1DF1E78A00CFD03F /* RootViewController.swift in Sources */,
				7E8FC5431DF1E8F800CFD03F /* Forecast.swift in Sources */,
				7E8FC5121DF1E78A00CFD03F /* ModelController.swift in Sources */,
				7E8FC5781DF3E99500CFD03F /* WeatherForecastNextHour.swift in Sources */,
				7E8FC5411DF1E8F800CFD03F /* WeatherCurrent.swift in Sources */,
				7E8FC5511DF225C500CFD03F /* FindViewController.swift in Sources */,
				7E8FC5441DF1E8F800CFD03F /* UserSettings.swift in Sources */,
				7E8FC5531DF2288400CFD03F /* FindTableViewCell.swift in Sources */,
				7E8FC5471DF1E91700CFD03F /* WeatherManager.swift in Sources */,
				7E8FC54F1DF2228F00CFD03F /* FindItem.swift in Sources */,
				7E8FC55F1DF36CE400CFD03F /* Helpers.swift in Sources */,
				7E8FC5491DF1E9BC00CFD03F /* Constant.swift in Sources */,
				7E8FC5771DF3E99500CFD03F /* NextHour.swift in Sources */,
				7E8FC54B1DF1F2B600CFD03F /* ForecastTableViewCell.swift in Sources */,
				7E8FC5101DF1E78A00CFD03F /* DataViewController.swift in Sources */,
				7E8FC50C1DF1E78A00CFD03F /* AppDelegate.swift in Sources */,
				7E8FC54D1DF2216100CFD03F /* FindCity.swift in Sources */,
				7E8FC5551DF23ED000CFD03F /* ListOfCities.swift in Sources */,
			);
			runOnlyForDeploymentPostprocessing = 0;
		};
		7E8FC51C1DF1E78A00CFD03F /* Sources */ = {
			isa = PBXSourcesBuildPhase;
			buildActionMask = 2147483647;
			files = (
				7E8FC57E1DF3F95100CFD03F /* MockSession.swift in Sources */,
				7E8FC57A1DF3EE3900CFD03F /* WeatherManagerTest.swift in Sources */,
				7E8FC5251DF1E78A00CFD03F /* WeatherAppPageTests.swift in Sources */,
			);
			runOnlyForDeploymentPostprocessing = 0;
		};
		7E8FC5271DF1E78A00CFD03F /* Sources */ = {
			isa = PBXSourcesBuildPhase;
			buildActionMask = 2147483647;
			files = (
				7E8FC5301DF1E78A00CFD03F /* WeatherAppPageUITests.swift in Sources */,
			);
			runOnlyForDeploymentPostprocessing = 0;
		};
/* End PBXSourcesBuildPhase section */

/* Begin PBXTargetDependency section */
		7E8FC5221DF1E78A00CFD03F /* PBXTargetDependency */ = {
			isa = PBXTargetDependency;
			target = 7E8FC5071DF1E78A00CFD03F /* WeatherAppPage */;
			targetProxy = 7E8FC5211DF1E78A00CFD03F /* PBXContainerItemProxy */;
		};
		7E8FC52D1DF1E78A00CFD03F /* PBXTargetDependency */ = {
			isa = PBXTargetDependency;
			target = 7E8FC5071DF1E78A00CFD03F /* WeatherAppPage */;
			targetProxy = 7E8FC52C1DF1E78A00CFD03F /* PBXContainerItemProxy */;
		};
/* End PBXTargetDependency section */

/* Begin PBXVariantGroup section */
		7E8FC5131DF1E78A00CFD03F /* Main.storyboard */ = {
			isa = PBXVariantGroup;
			children = (
				7E8FC5141DF1E78A00CFD03F /* Base */,
				7E8FC5631DF370DC00CFD03F /* en */,
				7E8FC56E1DF372A800CFD03F /* fr */,
			);
			name = Main.storyboard;
			sourceTree = "<group>";
		};
		7E8FC5181DF1E78A00CFD03F /* LaunchScreen.storyboard */ = {
			isa = PBXVariantGroup;
			children = (
				7E8FC5191DF1E78A00CFD03F /* Base */,
				7E8FC56F1DF372A800CFD03F /* fr */,
			);
			name = LaunchScreen.storyboard;
			sourceTree = "<group>";
		};
		7E8FC56C1DF3721700CFD03F /* Localizable.strings */ = {
			isa = PBXVariantGroup;
			children = (
				7E8FC56B1DF3721700CFD03F /* en */,
				7E8FC56D1DF3722500CFD03F /* Base */,
				7E8FC5701DF372A800CFD03F /* fr */,
			);
			name = Localizable.strings;
			sourceTree = "<group>";
		};
/* End PBXVariantGroup section */

/* Begin XCBuildConfiguration section */
		7E8FC5321DF1E78A00CFD03F /* Debug */ = {
			isa = XCBuildConfiguration;
			buildSettings = {
				ALWAYS_SEARCH_USER_PATHS = NO;
				CLANG_ANALYZER_LOCALIZABILITY_NONLOCALIZED = YES;
				CLANG_ANALYZER_NONNULL = YES;
				CLANG_CXX_LANGUAGE_STANDARD = "gnu++0x";
				CLANG_CXX_LIBRARY = "libc++";
				CLANG_ENABLE_MODULES = YES;
				CLANG_ENABLE_OBJC_ARC = YES;
				CLANG_WARN_BOOL_CONVERSION = YES;
				CLANG_WARN_CONSTANT_CONVERSION = YES;
				CLANG_WARN_DIRECT_OBJC_ISA_USAGE = YES_ERROR;
				CLANG_WARN_DOCUMENTATION_COMMENTS = YES;
				CLANG_WARN_EMPTY_BODY = YES;
				CLANG_WARN_ENUM_CONVERSION = YES;
				CLANG_WARN_INFINITE_RECURSION = YES;
				CLANG_WARN_INT_CONVERSION = YES;
				CLANG_WARN_OBJC_ROOT_CLASS = YES_ERROR;
				CLANG_WARN_SUSPICIOUS_MOVES = YES;
				CLANG_WARN_UNREACHABLE_CODE = YES;
				CLANG_WARN__DUPLICATE_METHOD_MATCH = YES;
				"CODE_SIGN_IDENTITY[sdk=iphoneos*]" = "iPhone Developer";
				COPY_PHASE_STRIP = NO;
				DEBUG_INFORMATION_FORMAT = dwarf;
				ENABLE_STRICT_OBJC_MSGSEND = YES;
				ENABLE_TESTABILITY = YES;
				GCC_C_LANGUAGE_STANDARD = gnu99;
				GCC_DYNAMIC_NO_PIC = NO;
				GCC_NO_COMMON_BLOCKS = YES;
				GCC_OPTIMIZATION_LEVEL = 0;
				GCC_PREPROCESSOR_DEFINITIONS = (
					"DEBUG=1",
					"$(inherited)",
				);
				GCC_WARN_64_TO_32_BIT_CONVERSION = YES;
				GCC_WARN_ABOUT_RETURN_TYPE = YES_ERROR;
				GCC_WARN_UNDECLARED_SELECTOR = YES;
				GCC_WARN_UNINITIALIZED_AUTOS = YES_AGGRESSIVE;
				GCC_WARN_UNUSED_FUNCTION = YES;
				GCC_WARN_UNUSED_VARIABLE = YES;
				IPHONEOS_DEPLOYMENT_TARGET = 10.1;
				MTL_ENABLE_DEBUG_INFO = YES;
				ONLY_ACTIVE_ARCH = YES;
				SDKROOT = iphoneos;
				SWIFT_ACTIVE_COMPILATION_CONDITIONS = DEBUG;
				SWIFT_OPTIMIZATION_LEVEL = "-Onone";
				TARGETED_DEVICE_FAMILY = "1,2";
			};
			name = Debug;
		};
		7E8FC5331DF1E78A00CFD03F /* Release */ = {
			isa = XCBuildConfiguration;
			buildSettings = {
				ALWAYS_SEARCH_USER_PATHS = NO;
				CLANG_ANALYZER_LOCALIZABILITY_NONLOCALIZED = YES;
				CLANG_ANALYZER_NONNULL = YES;
				CLANG_CXX_LANGUAGE_STANDARD = "gnu++0x";
				CLANG_CXX_LIBRARY = "libc++";
				CLANG_ENABLE_MODULES = YES;
				CLANG_ENABLE_OBJC_ARC = YES;
				CLANG_WARN_BOOL_CONVERSION = YES;
				CLANG_WARN_CONSTANT_CONVERSION = YES;
				CLANG_WARN_DIRECT_OBJC_ISA_USAGE = YES_ERROR;
				CLANG_WARN_DOCUMENTATION_COMMENTS = YES;
				CLANG_WARN_EMPTY_BODY = YES;
				CLANG_WARN_ENUM_CONVERSION = YES;
				CLANG_WARN_INFINITE_RECURSION = YES;
				CLANG_WARN_INT_CONVERSION = YES;
				CLANG_WARN_OBJC_ROOT_CLASS = YES_ERROR;
				CLANG_WARN_SUSPICIOUS_MOVES = YES;
				CLANG_WARN_UNREACHABLE_CODE = YES;
				CLANG_WARN__DUPLICATE_METHOD_MATCH = YES;
				"CODE_SIGN_IDENTITY[sdk=iphoneos*]" = "iPhone Developer";
				COPY_PHASE_STRIP = NO;
				DEBUG_INFORMATION_FORMAT = "dwarf-with-dsym";
				ENABLE_NS_ASSERTIONS = NO;
				ENABLE_STRICT_OBJC_MSGSEND = YES;
				GCC_C_LANGUAGE_STANDARD = gnu99;
				GCC_NO_COMMON_BLOCKS = YES;
				GCC_WARN_64_TO_32_BIT_CONVERSION = YES;
				GCC_WARN_ABOUT_RETURN_TYPE = YES_ERROR;
				GCC_WARN_UNDECLARED_SELECTOR = YES;
				GCC_WARN_UNINITIALIZED_AUTOS = YES_AGGRESSIVE;
				GCC_WARN_UNUSED_FUNCTION = YES;
				GCC_WARN_UNUSED_VARIABLE = YES;
				IPHONEOS_DEPLOYMENT_TARGET = 10.1;
				MTL_ENABLE_DEBUG_INFO = NO;
				SDKROOT = iphoneos;
				SWIFT_OPTIMIZATION_LEVEL = "-Owholemodule";
				TARGETED_DEVICE_FAMILY = "1,2";
				VALIDATE_PRODUCT = YES;
			};
			name = Release;
		};
		7E8FC5351DF1E78A00CFD03F /* Debug */ = {
			isa = XCBuildConfiguration;
			baseConfigurationReference = FF316D8AABBAA83A58FE7572 /* Pods-WeatherAppPage.debug.xcconfig */;
			buildSettings = {
				ASSETCATALOG_COMPILER_APPICON_NAME = AppIcon;
				DEVELOPMENT_TEAM = F8BAZB72QS;
				INFOPLIST_FILE = WeatherAppPage/Info.plist;
				IPHONEOS_DEPLOYMENT_TARGET = 9.0;
				LD_RUNPATH_SEARCH_PATHS = "$(inherited) @executable_path/Frameworks";
				PRODUCT_BUNDLE_IDENTIFIER = com.geniuscreation.WeatherAppPage;
				PRODUCT_NAME = "$(TARGET_NAME)";
				SWIFT_VERSION = 3.0;
			};
			name = Debug;
		};
		7E8FC5361DF1E78A00CFD03F /* Release */ = {
			isa = XCBuildConfiguration;
			baseConfigurationReference = 41F1624BD415BB11C0F79C1F /* Pods-WeatherAppPage.release.xcconfig */;
			buildSettings = {
				ASSETCATALOG_COMPILER_APPICON_NAME = AppIcon;
				DEVELOPMENT_TEAM = F8BAZB72QS;
				INFOPLIST_FILE = WeatherAppPage/Info.plist;
				IPHONEOS_DEPLOYMENT_TARGET = 9.0;
				LD_RUNPATH_SEARCH_PATHS = "$(inherited) @executable_path/Frameworks";
				PRODUCT_BUNDLE_IDENTIFIER = com.geniuscreation.WeatherAppPage;
				PRODUCT_NAME = "$(TARGET_NAME)";
				SWIFT_VERSION = 3.0;
			};
			name = Release;
		};
		7E8FC5381DF1E78A00CFD03F /* Debug */ = {
			isa = XCBuildConfiguration;
			baseConfigurationReference = B943D183D545C37A403673BA /* Pods-WeatherAppPageTests.debug.xcconfig */;
			buildSettings = {
				ALWAYS_EMBED_SWIFT_STANDARD_LIBRARIES = YES;
				BUNDLE_LOADER = "$(TEST_HOST)";
				DEVELOPMENT_TEAM = F8BAZB72QS;
				INFOPLIST_FILE = WeatherAppPageTests/Info.plist;
				LD_RUNPATH_SEARCH_PATHS = "$(inherited) @executable_path/Frameworks @loader_path/Frameworks";
				PRODUCT_BUNDLE_IDENTIFIER = com.geniuscreation.WeatherAppPageTests;
				PRODUCT_NAME = "$(TARGET_NAME)";
				SWIFT_VERSION = 3.0;
				TEST_HOST = "$(BUILT_PRODUCTS_DIR)/WeatherAppPage.app/WeatherAppPage";
			};
			name = Debug;
		};
		7E8FC5391DF1E78A00CFD03F /* Release */ = {
			isa = XCBuildConfiguration;
			baseConfigurationReference = F531058B647E267A7FFC392E /* Pods-WeatherAppPageTests.release.xcconfig */;
			buildSettings = {
				ALWAYS_EMBED_SWIFT_STANDARD_LIBRARIES = YES;
				BUNDLE_LOADER = "$(TEST_HOST)";
				DEVELOPMENT_TEAM = F8BAZB72QS;
				INFOPLIST_FILE = WeatherAppPageTests/Info.plist;
				LD_RUNPATH_SEARCH_PATHS = "$(inherited) @executable_path/Frameworks @loader_path/Frameworks";
				PRODUCT_BUNDLE_IDENTIFIER = com.geniuscreation.WeatherAppPageTests;
				PRODUCT_NAME = "$(TARGET_NAME)";
				SWIFT_VERSION = 3.0;
				TEST_HOST = "$(BUILT_PRODUCTS_DIR)/WeatherAppPage.app/WeatherAppPage";
			};
			name = Release;
		};
		7E8FC53B1DF1E78A00CFD03F /* Debug */ = {
			isa = XCBuildConfiguration;
			baseConfigurationReference = 411679CB4920E8C62B6AE990 /* Pods-WeatherAppPageUITests.debug.xcconfig */;
			buildSettings = {
				ALWAYS_EMBED_SWIFT_STANDARD_LIBRARIES = YES;
				DEVELOPMENT_TEAM = F8BAZB72QS;
				INFOPLIST_FILE = WeatherAppPageUITests/Info.plist;
				LD_RUNPATH_SEARCH_PATHS = "$(inherited) @executable_path/Frameworks @loader_path/Frameworks";
				PRODUCT_BUNDLE_IDENTIFIER = com.geniuscreation.WeatherAppPageUITests;
				PRODUCT_NAME = "$(TARGET_NAME)";
				SWIFT_VERSION = 3.0;
				TEST_TARGET_NAME = WeatherAppPage;
			};
			name = Debug;
		};
		7E8FC53C1DF1E78A00CFD03F /* Release */ = {
			isa = XCBuildConfiguration;
			baseConfigurationReference = FAECCA592E8522CA6C079DA8 /* Pods-WeatherAppPageUITests.release.xcconfig */;
			buildSettings = {
				ALWAYS_EMBED_SWIFT_STANDARD_LIBRARIES = YES;
				DEVELOPMENT_TEAM = F8BAZB72QS;
				INFOPLIST_FILE = WeatherAppPageUITests/Info.plist;
				LD_RUNPATH_SEARCH_PATHS = "$(inherited) @executable_path/Frameworks @loader_path/Frameworks";
				PRODUCT_BUNDLE_IDENTIFIER = com.geniuscreation.WeatherAppPageUITests;
				PRODUCT_NAME = "$(TARGET_NAME)";
				SWIFT_VERSION = 3.0;
				TEST_TARGET_NAME = WeatherAppPage;
			};
			name = Release;
		};
/* End XCBuildConfiguration section */

/* Begin XCConfigurationList section */
		7E8FC5031DF1E78A00CFD03F /* Build configuration list for PBXProject "WeatherAppPage" */ = {
			isa = XCConfigurationList;
			buildConfigurations = (
				7E8FC5321DF1E78A00CFD03F /* Debug */,
				7E8FC5331DF1E78A00CFD03F /* Release */,
			);
			defaultConfigurationIsVisible = 0;
			defaultConfigurationName = Release;
		};
		7E8FC5341DF1E78A00CFD03F /* Build configuration list for PBXNativeTarget "WeatherAppPage" */ = {
			isa = XCConfigurationList;
			buildConfigurations = (
				7E8FC5351DF1E78A00CFD03F /* Debug */,
				7E8FC5361DF1E78A00CFD03F /* Release */,
			);
			defaultConfigurationIsVisible = 0;
			defaultConfigurationName = Release;
		};
		7E8FC5371DF1E78A00CFD03F /* Build configuration list for PBXNativeTarget "WeatherAppPageTests" */ = {
			isa = XCConfigurationList;
			buildConfigurations = (
				7E8FC5381DF1E78A00CFD03F /* Debug */,
				7E8FC5391DF1E78A00CFD03F /* Release */,
			);
			defaultConfigurationIsVisible = 0;
			defaultConfigurationName = Release;
		};
		7E8FC53A1DF1E78A00CFD03F /* Build configuration list for PBXNativeTarget "WeatherAppPageUITests" */ = {
			isa = XCConfigurationList;
			buildConfigurations = (
				7E8FC53B1DF1E78A00CFD03F /* Debug */,
				7E8FC53C1DF1E78A00CFD03F /* Release */,
			);
			defaultConfigurationIsVisible = 0;
			defaultConfigurationName = Release;
		};
/* End XCConfigurationList section */
	};
	rootObject = 7E8FC5001DF1E78A00CFD03F /* Project object */;
}
